
Microsoft Visual Studio Solution File, Format Version 12.00
# Visual Studio Version 17
VisualStudioVersion = 17.5.33502.453
MinimumVisualStudioVersion = 10.0.40219.1
Project("{9A19103F-16F7-4668-BE54-9A1E7A4F7556}") = "ToolGood.TextFilter.App", "ToolGood.TextFilter.App\ToolGood.TextFilter.App.csproj", "{3BC5640E-087A-4913-ACDB-9722BAA8F113}"
EndProject
Project("{FAE04EC0-301F-11D3-BF4B-00C04F79EFBC}") = "ToolGood.TextFilter.Test", "ToolGood.TextFilter.Test\ToolGood.TextFilter.Test.csproj", "{AA44E577-3149-455F-B29C-37A362DD400F}"
EndProject
Global
	GlobalSection(SolutionConfigurationPlatforms) = preSolution
		Debug|Any CPU = Debug|Any CPU
		GRPC-Consul|Any CPU = GRPC-Consul|Any CPU
		Image|Any CPU = Image|Any CPU
		Image-GRPC-Consul|Any CPU = Image-GRPC-Consul|Any CPU
		Release|Any CPU = Release|Any CPU
	EndGlobalSection
	GlobalSection(ProjectConfigurationPlatforms) = postSolution
		{3BC5640E-087A-4913-ACDB-9722BAA8F113}.Debug|Any CPU.ActiveCfg = Debug|Any CPU
		{3BC5640E-087A-4913-ACDB-9722BAA8F113}.Debug|Any CPU.Build.0 = Debug|Any CPU
		{3BC5640E-087A-4913-ACDB-9722BAA8F113}.GRPC-Consul|Any CPU.ActiveCfg = Win|Any CPU
		{3BC5640E-087A-4913-ACDB-9722BAA8F113}.GRPC-Consul|Any CPU.Build.0 = Win|Any CPU
		{3BC5640E-087A-4913-ACDB-9722BAA8F113}.Image|Any CPU.ActiveCfg = Win-Image|Any CPU
		{3BC5640E-087A-4913-ACDB-9722BAA8F113}.Image|Any CPU.Build.0 = Win-Image|Any CPU
		{3BC5640E-087A-4913-ACDB-9722BAA8F113}.Image-GRPC-Consul|Any CPU.ActiveCfg = Win|Any CPU
		{3BC5640E-087A-4913-ACDB-9722BAA8F113}.Image-GRPC-Consul|Any CPU.Build.0 = Win|Any CPU
		{3BC5640E-087A-4913-ACDB-9722BAA8F113}.Release|Any CPU.ActiveCfg = Release|Any CPU
		{3BC5640E-087A-4913-ACDB-9722BAA8F113}.Release|Any CPU.Build.0 = Release|Any CPU
		{AA44E577-3149-455F-B29C-37A362DD400F}.Debug|Any CPU.ActiveCfg = Debug|Any CPU
		{AA44E577-3149-455F-B29C-37A362DD400F}.Debug|Any CPU.Build.0 = Debug|Any CPU
		{AA44E577-3149-455F-B29C-37A362DD400F}.GRPC-Consul|Any CPU.ActiveCfg = Debug|Any CPU
		{AA44E577-3149-455F-B29C-37A362DD400F}.GRPC-Consul|Any CPU.Build.0 = Debug|Any CPU
		{AA44E577-3149-455F-B29C-37A362DD400F}.Image|Any CPU.ActiveCfg = Debug|Any CPU
		{AA44E577-3149-455F-B29C-37A362DD400F}.Image|Any CPU.Build.0 = Debug|Any CPU
		{AA44E577-3149-455F-B29C-37A362DD400F}.Image-GRPC-Consul|Any CPU.ActiveCfg = Debug|Any CPU
		{AA44E577-3149-455F-B29C-37A362DD400F}.Image-GRPC-Consul|Any CPU.Build.0 = Debug|Any CPU
		{AA44E577-3149-455F-B29C-37A362DD400F}.Release|Any CPU.ActiveCfg = Release|Any CPU
		{AA44E577-3149-455F-B29C-37A362DD400F}.Release|Any CPU.Build.0 = Release|Any CPU
	EndGlobalSection
	GlobalSection(SolutionProperties) = preSolution
		HideSolutionNode = FALSE
	EndGlobalSection
	GlobalSection(ExtensibilityGlobals) = postSolution
		SolutionGuid = {4526CCB4-BE56-4370-8A0F-DE7E6AB79FE5}
	EndGlobalSection
EndGlobal
